{
    "version": 3,
    "terraform_version": "0.8.8",
    "serial": 15,
    "lineage": "32762a3a-f271-43ca-85a6-b67b5351b0bc",
    "modules": [
        {
            "path": [
                "root"
            ],
            "outputs": {},
            "resources": {
                "aws_eip.ip": {
                    "type": "aws_eip",
                    "depends_on": [
                        "module.ec2",
                        "module.ec2"
                    ],
                    "primary": {
                        "id": "eipalloc-6599bf5f",
                        "attributes": {
                            "association_id": "eipassoc-e0baffdd",
                            "domain": "vpc",
                            "id": "eipalloc-6599bf5f",
                            "instance": "i-053365ff712734cee",
                            "network_interface": "eni-7fa5237e",
                            "private_ip": "172.30.0.241",
                            "public_ip": "52.53.84.167",
                            "vpc": "true"
                        },
                        "meta": {},
                        "tainted": false
                    },
                    "deposed": [],
                    "provider": ""
                }
            },
            "depends_on": []
        },
        {
            "path": [
                "root",
                "ec2"
            ],
            "outputs": {
                "aws_instance_db_master_id": {
                    "sensitive": false,
                    "type": "string",
                    "value": "i-053365ff712734cee"
                }
            },
            "resources": {
                "aws_instance.db_master": {
                    "type": "aws_instance",
                    "depends_on": [],
                    "primary": {
                        "id": "i-053365ff712734cee",
                        "attributes": {
                            "ami": "ami-16efb076",
                            "associate_public_ip_address": "true",
                            "availability_zone": "us-west-1b",
                            "disable_api_termination": "false",
                            "ebs_block_device.#": "0",
                            "ebs_optimized": "false",
                            "ephemeral_block_device.#": "0",
                            "iam_instance_profile": "",
                            "id": "i-053365ff712734cee",
                            "instance_state": "running",
                            "instance_type": "t2.micro",
                            "ipv6_address_count": "0",
                            "ipv6_addresses.#": "0",
                            "key_name": "",
                            "monitoring": "false",
                            "network_interface_id": "eni-7fa5237e",
                            "private_dns": "ip-172-30-0-241.us-west-1.compute.internal",
                            "private_ip": "172.30.0.241",
                            "public_dns": "",
                            "public_ip": "54.183.92.12",
                            "root_block_device.#": "1",
                            "root_block_device.0.delete_on_termination": "true",
                            "root_block_device.0.iops": "100",
                            "root_block_device.0.volume_size": "8",
                            "root_block_device.0.volume_type": "gp2",
                            "security_groups.#": "0",
                            "source_dest_check": "true",
                            "subnet_id": "subnet-5bca4b03",
                            "tags.%": "0",
                            "tenancy": "default",
                            "vpc_security_group_ids.#": "1",
                            "vpc_security_group_ids.2747718399": "sg-30138c57"
                        },
                        "meta": {
                            "schema_version": "1"
                        },
                        "tainted": false
                    },
                    "deposed": [],
                    "provider": ""
                }
            },
            "depends_on": []
        }
    ]
}
